
Microsoft Visual Studio Solution File, Format Version 12.00
Project("{FAE04EC0-301F-11D3-BF4B-00C04F79EFBC}") = "Task1", "Task1\Task1.csproj", "{BF378C3F-EA1E-488E-A8FD-F03104B27CCD}"
EndProject
Project("{FAE04EC0-301F-11D3-BF4B-00C04F79EFBC}") = "Task2", "Task2\Task2.csproj", "{F688A72E-C2CA-477A-A413-0DB203868AE1}"
EndProject
Project("{FAE04EC0-301F-11D3-BF4B-00C04F79EFBC}") = "Task3", "Task3\Task3.csproj", "{DE485795-A946-4680-9DE8-9F238C90B56F}"
EndProject
Project("{FAE04EC0-301F-11D3-BF4B-00C04F79EFBC}") = "Task4", "Task4\Task4.csproj", "{F69F127D-70ED-4269-B0E3-0BCDBD693CA2}"
EndProject
Project("{FAE04EC0-301F-11D3-BF4B-00C04F79EFBC}") = "Task5", "Task5\Task5.csproj", "{102203A9-6699-4339-96FB-66BCAA44B552}"
EndProject
Project("{FAE04EC0-301F-11D3-BF4B-00C04F79EFBC}") = "Task6", "Task6\Task6.csproj", "{FC4FA506-2B00-4961-90C4-4001B704704B}"
EndProject
Project("{FAE04EC0-301F-11D3-BF4B-00C04F79EFBC}") = "Task7", "Task7\Task7.csproj", "{F299CE6D-FFC9-4350-A1CB-ECAF99009FB4}"
EndProject
Project("{FAE04EC0-301F-11D3-BF4B-00C04F79EFBC}") = "Task8", "Task8\Task8.csproj", "{6866E53E-D144-43B4-99FD-01DFB4C74BCB}"
EndProject
Project("{FAE04EC0-301F-11D3-BF4B-00C04F79EFBC}") = "Task9", "Task9\Task9.csproj", "{D37D9AE0-73AA-4C85-928D-6660DEF55A58}"
EndProject
Project("{FAE04EC0-301F-11D3-BF4B-00C04F79EFBC}") = "Task10", "Task10\Task10.csproj", "{E437B5FA-C7D9-4E9D-AEFE-21C442D74910}"
EndProject
Global
	GlobalSection(SolutionConfigurationPlatforms) = preSolution
		Debug|Any CPU = Debug|Any CPU
		Release|Any CPU = Release|Any CPU
	EndGlobalSection
	GlobalSection(ProjectConfigurationPlatforms) = postSolution
		{BF378C3F-EA1E-488E-A8FD-F03104B27CCD}.Debug|Any CPU.ActiveCfg = Debug|Any CPU
		{BF378C3F-EA1E-488E-A8FD-F03104B27CCD}.Debug|Any CPU.Build.0 = Debug|Any CPU
		{BF378C3F-EA1E-488E-A8FD-F03104B27CCD}.Release|Any CPU.ActiveCfg = Release|Any CPU
		{BF378C3F-EA1E-488E-A8FD-F03104B27CCD}.Release|Any CPU.Build.0 = Release|Any CPU
		{F688A72E-C2CA-477A-A413-0DB203868AE1}.Debug|Any CPU.ActiveCfg = Debug|Any CPU
		{F688A72E-C2CA-477A-A413-0DB203868AE1}.Debug|Any CPU.Build.0 = Debug|Any CPU
		{F688A72E-C2CA-477A-A413-0DB203868AE1}.Release|Any CPU.ActiveCfg = Release|Any CPU
		{F688A72E-C2CA-477A-A413-0DB203868AE1}.Release|Any CPU.Build.0 = Release|Any CPU
		{DE485795-A946-4680-9DE8-9F238C90B56F}.Debug|Any CPU.ActiveCfg = Debug|Any CPU
		{DE485795-A946-4680-9DE8-9F238C90B56F}.Debug|Any CPU.Build.0 = Debug|Any CPU
		{DE485795-A946-4680-9DE8-9F238C90B56F}.Release|Any CPU.ActiveCfg = Release|Any CPU
		{DE485795-A946-4680-9DE8-9F238C90B56F}.Release|Any CPU.Build.0 = Release|Any CPU
		{F69F127D-70ED-4269-B0E3-0BCDBD693CA2}.Debug|Any CPU.ActiveCfg = Debug|Any CPU
		{F69F127D-70ED-4269-B0E3-0BCDBD693CA2}.Debug|Any CPU.Build.0 = Debug|Any CPU
		{F69F127D-70ED-4269-B0E3-0BCDBD693CA2}.Release|Any CPU.ActiveCfg = Release|Any CPU
		{F69F127D-70ED-4269-B0E3-0BCDBD693CA2}.Release|Any CPU.Build.0 = Release|Any CPU
		{102203A9-6699-4339-96FB-66BCAA44B552}.Debug|Any CPU.ActiveCfg = Debug|Any CPU
		{102203A9-6699-4339-96FB-66BCAA44B552}.Debug|Any CPU.Build.0 = Debug|Any CPU
		{102203A9-6699-4339-96FB-66BCAA44B552}.Release|Any CPU.ActiveCfg = Release|Any CPU
		{102203A9-6699-4339-96FB-66BCAA44B552}.Release|Any CPU.Build.0 = Release|Any CPU
		{FC4FA506-2B00-4961-90C4-4001B704704B}.Debug|Any CPU.ActiveCfg = Debug|Any CPU
		{FC4FA506-2B00-4961-90C4-4001B704704B}.Debug|Any CPU.Build.0 = Debug|Any CPU
		{FC4FA506-2B00-4961-90C4-4001B704704B}.Release|Any CPU.ActiveCfg = Release|Any CPU
		{FC4FA506-2B00-4961-90C4-4001B704704B}.Release|Any CPU.Build.0 = Release|Any CPU
		{F299CE6D-FFC9-4350-A1CB-ECAF99009FB4}.Debug|Any CPU.ActiveCfg = Debug|Any CPU
		{F299CE6D-FFC9-4350-A1CB-ECAF99009FB4}.Debug|Any CPU.Build.0 = Debug|Any CPU
		{F299CE6D-FFC9-4350-A1CB-ECAF99009FB4}.Release|Any CPU.ActiveCfg = Release|Any CPU
		{F299CE6D-FFC9-4350-A1CB-ECAF99009FB4}.Release|Any CPU.Build.0 = Release|Any CPU
		{6866E53E-D144-43B4-99FD-01DFB4C74BCB}.Debug|Any CPU.ActiveCfg = Debug|Any CPU
		{6866E53E-D144-43B4-99FD-01DFB4C74BCB}.Debug|Any CPU.Build.0 = Debug|Any CPU
		{6866E53E-D144-43B4-99FD-01DFB4C74BCB}.Release|Any CPU.ActiveCfg = Release|Any CPU
		{6866E53E-D144-43B4-99FD-01DFB4C74BCB}.Release|Any CPU.Build.0 = Release|Any CPU
		{D37D9AE0-73AA-4C85-928D-6660DEF55A58}.Debug|Any CPU.ActiveCfg = Debug|Any CPU
		{D37D9AE0-73AA-4C85-928D-6660DEF55A58}.Debug|Any CPU.Build.0 = Debug|Any CPU
		{D37D9AE0-73AA-4C85-928D-6660DEF55A58}.Release|Any CPU.ActiveCfg = Release|Any CPU
		{D37D9AE0-73AA-4C85-928D-6660DEF55A58}.Release|Any CPU.Build.0 = Release|Any CPU
		{E437B5FA-C7D9-4E9D-AEFE-21C442D74910}.Debug|Any CPU.ActiveCfg = Debug|Any CPU
		{E437B5FA-C7D9-4E9D-AEFE-21C442D74910}.Debug|Any CPU.Build.0 = Debug|Any CPU
		{E437B5FA-C7D9-4E9D-AEFE-21C442D74910}.Release|Any CPU.ActiveCfg = Release|Any CPU
		{E437B5FA-C7D9-4E9D-AEFE-21C442D74910}.Release|Any CPU.Build.0 = Release|Any CPU
	EndGlobalSection
EndGlobal
